
Microsoft Visual Studio Solution File, Format Version 12.00
# Visual Studio 15
VisualStudioVersion = 15.0.28307.705
MinimumVisualStudioVersion = 10.0.40219.1
Project("{FAE04EC0-301F-11D3-BF4B-00C04F79EFBC}") = "CourtRooms", "CourtRooms\CourtRooms.csproj", "{FEE1496A-B04D-40B2-84CF-845BF961EA2F}"
EndProject
Project("{FAE04EC0-301F-11D3-BF4B-00C04F79EFBC}") = "CourtRoomsDataLayer", "CourtRoomsDataLayer\CourtRoomsDataLayer.csproj", "{81E9DE4B-2D40-4E9E-9D1A-FC9598C99A10}"
EndProject
Global
	GlobalSection(SolutionConfigurationPlatforms) = preSolution
		Debug|Any CPU = Debug|Any CPU
		Release|Any CPU = Release|Any CPU
	EndGlobalSection
	GlobalSection(ProjectConfigurationPlatforms) = postSolution
		{FEE1496A-B04D-40B2-84CF-845BF961EA2F}.Debug|Any CPU.ActiveCfg = Debug|Any CPU
		{FEE1496A-B04D-40B2-84CF-845BF961EA2F}.Debug|Any CPU.Build.0 = Debug|Any CPU
		{FEE1496A-B04D-40B2-84CF-845BF961EA2F}.Release|Any CPU.ActiveCfg = Release|Any CPU
		{FEE1496A-B04D-40B2-84CF-845BF961EA2F}.Release|Any CPU.Build.0 = Release|Any CPU
		{81E9DE4B-2D40-4E9E-9D1A-FC9598C99A10}.Debug|Any CPU.ActiveCfg = Debug|Any CPU
		{81E9DE4B-2D40-4E9E-9D1A-FC9598C99A10}.Debug|Any CPU.Build.0 = Debug|Any CPU
		{81E9DE4B-2D40-4E9E-9D1A-FC9598C99A10}.Release|Any CPU.ActiveCfg = Release|Any CPU
		{81E9DE4B-2D40-4E9E-9D1A-FC9598C99A10}.Release|Any CPU.Build.0 = Release|Any CPU
	EndGlobalSection
	GlobalSection(SolutionProperties) = preSolution
		HideSolutionNode = FALSE
	EndGlobalSection
	GlobalSection(ExtensibilityGlobals) = postSolution
		SolutionGuid = {A3B5BBFC-BD03-470D-9C8A-A127EBD1B67D}
	EndGlobalSection
EndGlobal
